{
    "_readme": [
        "This file locks the dependencies of your project to a known state",
        "Read more about it at https://getcomposer.org/doc/01-basic-usage.md#composer-lock-the-lock-file",
        "This file is @generated automatically"
    ],
    "hash": "483e030b29b7173ed1e37ba665e3767d",
    "content-hash": "288bc516f1aba5c4cd68541173c2cc2e",
    "packages": [
        {
            "name": "composer/installers",
            "version": "v1.0.21",
            "source": {
                "type": "git",
                "url": "https://github.com/composer/installers.git",
                "reference": "d64e23fce42a4063d63262b19b8e7c0f3b5e4c45"
            },
            "dist": {
                "type": "zip",
                "url": "https://api.github.com/repos/composer/installers/zipball/d64e23fce42a4063d63262b19b8e7c0f3b5e4c45",
                "reference": "d64e23fce42a4063d63262b19b8e7c0f3b5e4c45",
                "shasum": ""
            },
            "replace": {
                "roundcube/plugin-installer": "*",
                "shama/baton": "*"
            },
            "require-dev": {
                "composer/composer": "1.0.*@dev",
                "phpunit/phpunit": "4.1.*"
            },
            "type": "composer-installer",
            "extra": {
                "class": "Composer\\Installers\\Installer",
                "branch-alias": {
                    "dev-master": "1.0-dev"
                }
            },
            "autoload": {
                "psr-0": {
                    "Composer\\Installers\\": "src/"
                }
            },
            "notification-url": "https://packagist.org/downloads/",
            "license": [
                "MIT"
            ],
            "authors": [
                {
                    "name": "Kyle Robinson Young",
                    "email": "kyle@dontkry.com",
                    "homepage": "https://github.com/shama"
                }
            ],
            "description": "A multi-framework Composer library installer",
            "homepage": "http://composer.github.com/installers/",
            "keywords": [
                "Craft",
                "Dolibarr",
                "Hurad",
                "MODX Evo",
                "OXID",
                "SMF",
                "Thelia",
                "WolfCMS",
                "agl",
                "aimeos",
                "annotatecms",
                "bitrix",
                "cakephp",
                "chef",
                "codeigniter",
                "concrete5",
                "croogo",
                "dokuwiki",
                "drupal",
                "elgg",
                "fuelphp",
                "grav",
                "installer",
                "joomla",
                "kohana",
                "laravel",
                "lithium",
                "magento",
                "mako",
                "mediawiki",
                "modulework",
                "moodle",
                "phpbb",
                "piwik",
                "ppi",
                "puppet",
                "roundcube",
                "shopware",
                "silverstripe",
                "symfony",
                "typo3",
                "wordpress",
                "zend",
                "zikula"
            ],
            "time": "2015-02-18 17:17:01"
        },
        {
            "name": "fancyguy/webroot-installer",
            "version": "1.1.0",
            "source": {
                "type": "git",
                "url": "https://github.com/fancyguy/webroot-installer.git",
                "reference": "a2d5c2e149d837e5580a62a91d3c91577aa30d28"
            },
            "dist": {
                "type": "zip",
                "url": "https://api.github.com/repos/fancyguy/webroot-installer/zipball/a2d5c2e149d837e5580a62a91d3c91577aa30d28",
                "reference": "a2d5c2e149d837e5580a62a91d3c91577aa30d28",
                "shasum": ""
            },
            "require-dev": {
                "composer/composer": "1.0.*@dev",
                "phpunit/phpunit": "3.7.*"
            },
            "type": "composer-installer",
            "extra": {
                "class": "FancyGuy\\Composer\\WebrootInstaller"
            },
            "autoload": {
                "psr-0": {
                    "FancyGuy\\Composer\\": "src/"
                }
            },
            "notification-url": "https://packagist.org/downloads/",
            "license": [
                "BSD-3-Clause"
            ],
            "authors": [
                {
                    "name": "Steve Buzonas",
                    "email": "steve@fancyguy.com",
                    "homepage": "http://www.stevebuzonas.com"
                }
            ],
            "description": "A composer installer for libraries that live in an application webroot.",
            "homepage": "http://fancyguy.github.com/webroot-installer/",
            "time": "2013-03-15 17:51:14"
        },
        {
            "name": "koodimonni/composer-dropin-installer",
            "version": "0.2.4",
            "source": {
                "type": "git",
                "url": "https://github.com/Koodimonni/Composer-Dropin-Installer.git",
                "reference": "618b96fd3bc8c1532610b7f7baedc4e60736a340"
            },
            "dist": {
                "type": "zip",
                "url": "https://api.github.com/repos/Koodimonni/Composer-Dropin-Installer/zipball/618b96fd3bc8c1532610b7f7baedc4e60736a340",
                "reference": "618b96fd3bc8c1532610b7f7baedc4e60736a340",
                "shasum": ""
            },
            "require": {
                "composer-plugin-api": "1.0.0"
            },
            "type": "composer-plugin",
            "extra": {
                "class": "Koodimonni\\Composer\\Dropin"
            },
            "autoload": {
                "psr-4": {
                    "Koodimonni\\Composer\\": "src"
                }
            },
            "notification-url": "https://packagist.org/downloads/",
            "license": [
                "WTFPL"
            ],
            "authors": [
                {
                    "name": "Onni Hakala",
                    "email": "onni@koodimonni.fi"
                }
            ],
            "description": "Do what the fuck you want with your composer packages aka. Composer Dropin installer. Install packages or part of packages into custom paths without overwriting existing stuff.",
            "time": "2015-01-04 10:24:12"
        },
        {
            "name": "usstatedept/excerpts-for-pages",
            "version": "1.1",
            "source": {
                "type": "git",
                "url": "git@github.com:USStateDept/excerpts-for-pages.git",
                "reference": "1c5b64488c7892c2e704d3ef80285ce30913fda7"
            },
            "require": {
                "composer/installers": "~1.0"
            },
            "type": "wordpress-plugin",
            "description": "Add excerpts for Pages",
            "time": "2016-02-29 19:54:03"
        },
        {
            "name": "usstatedept/facebook-like-box-widget",
            "version": "2.7",
            "source": {
                "type": "git",
                "url": "git@github.com:USStateDept/facebook-like-box-widget.git",
                "reference": "456e4ce6df508d51e69b8ac2b925ae778e0f75b6"
            },
            "require": {
                "composer/installers": "v1.0.21"
            },
            "type": "wordpress-plugin",
            "description": "Facebook Like Box Widget is a social plugin that enables Facebook Page owners to attract and gain Likes from their own website.",
            "time": "2016-02-29 20:05:51"
        },
        {
            "name": "usstatedept/floating-social-bar",
            "version": "1.1.5",
            "source": {
                "type": "git",
                "url": "git@github.com:USStateDept/floating-social-bar.git",
                "reference": "5fafa5fa726846b09c77a59e3b02f88fa0b7e376"
            },
            "require": {
                "composer/installers": "v1.0.21"
            },
            "type": "wordpress-plugin",
            "description": "Floating social bar.",
            "time": "2016-02-29 20:14:06"
        },
        {
            "name": "usstatedept/js_composer",
            "version": "4.1.2",
            "source": {
                "type": "git",
                "url": "git@github.com:USStateDept/js_composer.git",
                "reference": "e5d874d8f9c589528dc7c09fe9ee3034326f2e56"
            },
            "require": {
                "composer/installers": "v1.0.21"
            },
            "type": "wordpress-plugin",
            "license": [
                "MIT"
            ],
            "description": "Visual Composer.",
            "time": "2015-10-06 18:11:47"
        },
        {
            "name": "usstatedept/parallelus-moxie",
            "version": "1.2.3",
            "source": {
                "type": "git",
                "url": "git@github.com:USStateDept/moxie-yseali.git",
                "reference": "1c403ef73c8fe13086b033f7bf2219f312c99386"
            },
            "require": {
                "composer/installers": "v1.0.21"
            },
            "type": "wordpress-theme",
            "description": "YSEALI version of Moxie",
            "time": "2016-02-29 20:44:43"
        },
        {
            "name": "usstatedept/revslider",
            "version": "4.3.8",
            "source": {
                "type": "git",
                "url": "git@github.com:USStateDept/revslider.git",
                "reference": "e219714120f72add71b78701977025f0f57711ad"
            },
            "require": {
                "composer/installers": "v1.0.21"
            },
            "type": "wordpress-plugin",
            "license": [
                "MIT"
            ],
            "description": "Revolution slider.",
            "time": "2015-10-07 15:41:19"
        },
        {
            "name": "usstatedept/wp-hide-login-form",
            "version": "1.0.1",
            "source": {
                "type": "git",
                "url": "git@github.com:USStateDept/wp-hide-login-form.git",
                "reference": "5c9a0f55eeea503f82e42d0438fceda8640016ca"
            },
            "require": {
                "composer/installers": "~1.0"
            },
            "type": "wordpress-plugin",
            "authors": [
                {
                    "name": "Office of Design, Bureau of International Information Programs",
                    "email": "gustassj@america.gov"
                }
            ],
            "description": "A WordPress plugin to hide the login form on the login page when the Google Apps Login plugin is active.",
            "time": "2015-12-16 16:18:36"
        },
        {
            "name": "wordpress",
            "version": "3.9.11",
            "dist": {
                "type": "zip",
                "url": "https://github.com/WordPress/WordPress/archive/3.9.11.zip",
                "reference": null,
                "shasum": null
            },
            "require": {
                "fancyguy/webroot-installer": "1.1.0"
            },
            "type": "webroot"
        },
        {
            "name": "wpackagist-plugin/better-font-awesome",
            "version": "0.9.1",
            "source": {
                "type": "svn",
                "url": "http://plugins.svn.wordpress.org/better-font-awesome/",
                "reference": "tags/0.9.1"
            },
            "dist": {
                "type": "zip",
                "url": "https://downloads.wordpress.org/plugin/better-font-awesome.0.9.1.zip",
                "reference": null,
                "shasum": null
            },
            "require": {
                "composer/installers": "~1.0"
            },
            "type": "wordpress-plugin",
            "homepage": "https://wordpress.org/plugins/better-font-awesome/"
        },
        {
            "name": "wpackagist-plugin/contact-form-7",
            "version": "3.8",
            "source": {
                "type": "svn",
                "url": "http://plugins.svn.wordpress.org/contact-form-7/",
                "reference": "tags/3.8"
            },
            "dist": {
                "type": "zip",
                "url": "https://downloads.wordpress.org/plugin/contact-form-7.3.8.zip",
                "reference": null,
                "shasum": null
            },
            "require": {
                "composer/installers": "~1.0"
            },
            "type": "wordpress-plugin",
            "homepage": "https://wordpress.org/plugins/contact-form-7/"
        },
        {
            "name": "wpackagist-plugin/contact-form-7-autoresponder-addon-plugin",
            "version": "1.7",
            "source": {
                "type": "svn",
                "url": "http://plugins.svn.wordpress.org/contact-form-7-autoresponder-addon-plugin/",
                "reference": "tags/1.7"
            },
            "dist": {
                "type": "zip",
                "url": "https://downloads.wordpress.org/plugin/contact-form-7-autoresponder-addon-plugin.1.7.zip",
                "reference": null,
                "shasum": null
            },
            "require": {
                "composer/installers": "~1.0"
            },
            "type": "wordpress-plugin",
            "homepage": "https://wordpress.org/plugins/contact-form-7-autoresponder-addon-plugin/"
        },
        {
            "name": "wpackagist-plugin/event-organiser",
            "version": "2.9.0",
            "source": {
                "type": "svn",
                "url": "http://plugins.svn.wordpress.org/event-organiser/",
                "reference": "tags/2.9.0"
            },
            "dist": {
                "type": "zip",
                "url": "https://downloads.wordpress.org/plugin/event-organiser.2.9.0.zip",
                "reference": null,
                "shasum": null
            },
            "require": {
                "composer/installers": "~1.0"
            },
            "type": "wordpress-plugin",
            "homepage": "https://wordpress.org/plugins/event-organiser/"
        },
        {
            "name": "wpackagist-plugin/export-user-data",
            "version": "0.9.4",
            "source": {
                "type": "svn",
                "url": "http://plugins.svn.wordpress.org/export-user-data/",
                "reference": "tags/0.9.4"
            },
            "dist": {
                "type": "zip",
                "url": "https://downloads.wordpress.org/plugin/export-user-data.0.9.4.zip",
                "reference": null,
                "shasum": null
            },
            "require": {
                "composer/installers": "~1.0"
            },
            "type": "wordpress-plugin",
            "homepage": "https://wordpress.org/plugins/export-user-data/"
        },
        {
            "name": "wpackagist-plugin/google-apps-login",
            "version": "2.8.12",
            "source": {
                "type": "svn",
                "url": "http://plugins.svn.wordpress.org/google-apps-login/",
                "reference": "tags/2.8.12"
            },
            "dist": {
                "type": "zip",
                "url": "https://downloads.wordpress.org/plugin/google-apps-login.2.8.12.zip",
                "reference": null,
                "shasum": null
            },
            "require": {
                "composer/installers": "~1.0"
            },
            "type": "wordpress-plugin",
            "homepage": "https://wordpress.org/plugins/google-apps-login/"
        },
        {
            "name": "wpackagist-plugin/gravitate-event-tracking",
            "version": "1.3.1",
            "source": {
                "type": "svn",
                "url": "http://plugins.svn.wordpress.org/gravitate-event-tracking/",
                "reference": "tags/1.3.1"
            },
            "dist": {
                "type": "zip",
                "url": "https://downloads.wordpress.org/plugin/gravitate-event-tracking.1.3.1.zip",
                "reference": null,
                "shasum": null
            },
            "require": {
                "composer/installers": "~1.0"
            },
            "type": "wordpress-plugin",
            "homepage": "https://wordpress.org/plugins/gravitate-event-tracking/"
        },
        {
            "name": "wpackagist-plugin/list-category-posts",
            "version": "0.50.3",
            "source": {
                "type": "svn",
                "url": "http://plugins.svn.wordpress.org/list-category-posts/",
                "reference": "tags/0.50.3"
            },
            "dist": {
                "type": "zip",
                "url": "https://downloads.wordpress.org/plugin/list-category-posts.0.50.3.zip",
                "reference": null,
                "shasum": null
            },
            "require": {
                "composer/installers": "~1.0"
            },
            "type": "wordpress-plugin",
            "homepage": "https://wordpress.org/plugins/list-category-posts/"
        },
        {
            "name": "wpackagist-plugin/quiz-master-next",
            "version": "4.1.0",
            "source": {
                "type": "svn",
                "url": "http://plugins.svn.wordpress.org/quiz-master-next/",
                "reference": "tags/4.1.0"
            },
            "dist": {
                "type": "zip",
                "url": "https://downloads.wordpress.org/plugin/quiz-master-next.4.1.0.zip",
                "reference": null,
                "shasum": null
            },
            "require": {
                "composer/installers": "~1.0"
            },
            "type": "wordpress-plugin",
            "homepage": "https://wordpress.org/plugins/quiz-master-next/"
        },
        {
            "name": "wpackagist-plugin/regenerate-thumbnails",
            "version": "2.2.4",
            "source": {
                "type": "svn",
                "url": "http://plugins.svn.wordpress.org/regenerate-thumbnails/",
                "reference": "tags/2.2.4"
            },
            "dist": {
                "type": "zip",
                "url": "https://downloads.wordpress.org/plugin/regenerate-thumbnails.2.2.4.zip",
                "reference": null,
                "shasum": null
            },
            "require": {
                "composer/installers": "~1.0"
            },
            "type": "wordpress-plugin",
            "homepage": "https://wordpress.org/plugins/regenerate-thumbnails/"
        },
        {
            "name": "wpackagist-plugin/simple-sitemap",
            "version": "1.62",
            "source": {
                "type": "svn",
                "url": "http://plugins.svn.wordpress.org/simple-sitemap/",
                "reference": "tags/1.62"
            },
            "dist": {
                "type": "zip",
                "url": "https://downloads.wordpress.org/plugin/simple-sitemap.1.62.zip",
                "reference": null,
                "shasum": null
            },
            "require": {
                "composer/installers": "~1.0"
            },
            "type": "wordpress-plugin",
            "homepage": "https://wordpress.org/plugins/simple-sitemap/"
        },
        {
            "name": "wpackagist-plugin/twitter-widget-pro",
            "version": "2.6.0",
            "source": {
                "type": "svn",
                "url": "http://plugins.svn.wordpress.org/twitter-widget-pro/",
                "reference": "tags/2.6.0"
            },
            "dist": {
                "type": "zip",
                "url": "https://downloads.wordpress.org/plugin/twitter-widget-pro.2.6.0.zip",
                "reference": null,
                "shasum": null
            },
            "require": {
                "composer/installers": "~1.0"
            },
            "type": "wordpress-plugin",
            "homepage": "https://wordpress.org/plugins/twitter-widget-pro/"
        },
        {
            "name": "wpackagist-plugin/wordpress-mu-domain-mapping",
            "version": "0.5.4.3",
            "source": {
                "type": "svn",
                "url": "http://plugins.svn.wordpress.org/wordpress-mu-domain-mapping/",
                "reference": "tags/0.5.4.3"
            },
            "dist": {
                "type": "zip",
                "url": "https://downloads.wordpress.org/plugin/wordpress-mu-domain-mapping.0.5.4.3.zip",
                "reference": null,
                "shasum": null
            },
            "require": {
                "composer/installers": "~1.0"
            },
            "type": "wordpress-plugin",
            "homepage": "https://wordpress.org/plugins/wordpress-mu-domain-mapping/"
        },
        {
            "name": "wpackagist-plugin/wp-pagenavi",
            "version": "2.85",
            "source": {
                "type": "svn",
                "url": "http://plugins.svn.wordpress.org/wp-pagenavi/",
                "reference": "tags/2.85"
            },
            "dist": {
                "type": "zip",
                "url": "https://downloads.wordpress.org/plugin/wp-pagenavi.2.85.zip",
                "reference": null,
                "shasum": null
            },
            "require": {
                "composer/installers": "~1.0"
            },
            "type": "wordpress-plugin",
            "homepage": "https://wordpress.org/plugins/wp-pagenavi/"
        },
        {
            "name": "wpackagist-plugin/wp-security-audit-log",
            "version": "1.1.0",
            "source": {
                "type": "svn",
                "url": "http://plugins.svn.wordpress.org/wp-security-audit-log/",
                "reference": "tags/1.1.0"
            },
            "dist": {
                "type": "zip",
                "url": "https://downloads.wordpress.org/plugin/wp-security-audit-log.1.1.0.zip",
                "reference": null,
                "shasum": null
            },
            "require": {
                "composer/installers": "~1.0"
            },
            "type": "wordpress-plugin",
            "homepage": "https://wordpress.org/plugins/wp-security-audit-log/"
        }
    ],
    "packages-dev": [],
    "aliases": [],
    "minimum-stability": "stable",
    "stability-flags": [],
    "prefer-stable": false,
    "prefer-lowest": false,
    "platform": [],
    "platform-dev": []
}
